
Microsoft Visual Studio Solution File, Format Version 12.00
# Visual Studio 14
VisualStudioVersion = 14.0.24720.0
MinimumVisualStudioVersion = 10.0.40219.1
Project("{FAE04EC0-301F-11D3-BF4B-00C04F79EFBC}") = "homeApi", "homeApi\homeApi.csproj", "{F8854DDF-4FB9-4B87-926D-23AADF9856CF}"
EndProject
Project("{FAE04EC0-301F-11D3-BF4B-00C04F79EFBC}") = "homeApi.Tests", "homeApi.Tests\homeApi.Tests.csproj", "{007BDB8E-D129-4BEC-8D57-98AFE5C51A54}"
EndProject
Project("{FAE04EC0-301F-11D3-BF4B-00C04F79EFBC}") = "sqlServer", "SqlServer\sqlServer.csproj", "{06BD892E-D39D-41CE-82A8-42974AAD8AC8}"
EndProject
Project("{FAE04EC0-301F-11D3-BF4B-00C04F79EFBC}") = "service", "service\service.csproj", "{F8F1E687-C30A-4F02-8072-F4186FED8FCD}"
EndProject
Project("{FAE04EC0-301F-11D3-BF4B-00C04F79EFBC}") = "Model", "Model\Model.csproj", "{25699903-1317-4151-B427-7A04981EB697}"
EndProject
Global
	GlobalSection(SolutionConfigurationPlatforms) = preSolution
		Debug|Any CPU = Debug|Any CPU
		Release|Any CPU = Release|Any CPU
	EndGlobalSection
	GlobalSection(ProjectConfigurationPlatforms) = postSolution
		{F8854DDF-4FB9-4B87-926D-23AADF9856CF}.Debug|Any CPU.ActiveCfg = Debug|Any CPU
		{F8854DDF-4FB9-4B87-926D-23AADF9856CF}.Debug|Any CPU.Build.0 = Debug|Any CPU
		{F8854DDF-4FB9-4B87-926D-23AADF9856CF}.Release|Any CPU.ActiveCfg = Release|Any CPU
		{F8854DDF-4FB9-4B87-926D-23AADF9856CF}.Release|Any CPU.Build.0 = Release|Any CPU
		{007BDB8E-D129-4BEC-8D57-98AFE5C51A54}.Debug|Any CPU.ActiveCfg = Debug|Any CPU
		{007BDB8E-D129-4BEC-8D57-98AFE5C51A54}.Debug|Any CPU.Build.0 = Debug|Any CPU
		{007BDB8E-D129-4BEC-8D57-98AFE5C51A54}.Release|Any CPU.ActiveCfg = Release|Any CPU
		{007BDB8E-D129-4BEC-8D57-98AFE5C51A54}.Release|Any CPU.Build.0 = Release|Any CPU
		{06BD892E-D39D-41CE-82A8-42974AAD8AC8}.Debug|Any CPU.ActiveCfg = Debug|Any CPU
		{06BD892E-D39D-41CE-82A8-42974AAD8AC8}.Debug|Any CPU.Build.0 = Debug|Any CPU
		{06BD892E-D39D-41CE-82A8-42974AAD8AC8}.Release|Any CPU.ActiveCfg = Release|Any CPU
		{06BD892E-D39D-41CE-82A8-42974AAD8AC8}.Release|Any CPU.Build.0 = Release|Any CPU
		{F8F1E687-C30A-4F02-8072-F4186FED8FCD}.Debug|Any CPU.ActiveCfg = Debug|Any CPU
		{F8F1E687-C30A-4F02-8072-F4186FED8FCD}.Debug|Any CPU.Build.0 = Debug|Any CPU
		{F8F1E687-C30A-4F02-8072-F4186FED8FCD}.Release|Any CPU.ActiveCfg = Release|Any CPU
		{F8F1E687-C30A-4F02-8072-F4186FED8FCD}.Release|Any CPU.Build.0 = Release|Any CPU
		{25699903-1317-4151-B427-7A04981EB697}.Debug|Any CPU.ActiveCfg = Debug|Any CPU
		{25699903-1317-4151-B427-7A04981EB697}.Debug|Any CPU.Build.0 = Debug|Any CPU
		{25699903-1317-4151-B427-7A04981EB697}.Release|Any CPU.ActiveCfg = Release|Any CPU
		{25699903-1317-4151-B427-7A04981EB697}.Release|Any CPU.Build.0 = Release|Any CPU
	EndGlobalSection
	GlobalSection(SolutionProperties) = preSolution
		HideSolutionNode = FALSE
	EndGlobalSection
EndGlobal
